[[package]]
name = "aio-pika"
version = "8.3.0"
description = "Wrapper for the aiormq for asyncio and humans."
category = "main"
optional = false
python-versions = ">3.6, <4"

[package.dependencies]
aiormq = ">=6.6.3,<6.7.0"
yarl = "*"

[package.extras]
develop = ["aiomisc (>=16.0,<17.0)", "coverage (!=4.3)", "coveralls", "pylava", "pytest", "pytest-cov", "shortuuid", "nox", "sphinx", "sphinx-autobuild", "timeout-decorator", "tox (>=2.4)"]

[[package]]
name = "aiormq"
version = "6.6.4"
description = "Pure python AMQP asynchronous client library"
category = "main"
optional = false
python-versions = ">=3.7,<4.0"

[package.dependencies]
pamqp = "3.2.1"
yarl = "*"

[[package]]
name = "idna"
version = "3.4"
description = "Internationalized Domain Names in Applications (IDNA)"
category = "main"
optional = false
python-versions = ">=3.5"

[[package]]
name = "multidict"
version = "6.0.4"
description = "multidict implementation"
category = "main"
optional = false
python-versions = ">=3.7"

[[package]]
name = "pamqp"
version = "3.2.1"
description = "RabbitMQ Focused AMQP low-level library"
category = "main"
optional = false
python-versions = ">=3.7"

[package.extras]
codegen = ["lxml", "requests", "yapf"]
testing = ["coverage", "flake8", "flake8-comprehensions", "flake8-deprecated", "flake8-import-order", "flake8-print", "flake8-quotes", "flake8-rst-docstrings", "flake8-tuple", "yapf"]

[[package]]
name = "pydantic"
version = "1.10.4"
description = "Data validation and settings management using python type hints"
category = "main"
optional = false
python-versions = ">=3.7"

[package.dependencies]
typing-extensions = ">=4.2.0"

[package.extras]
dotenv = ["python-dotenv (>=0.10.4)"]
email = ["email-validator (>=1.0.3)"]

[[package]]
name = "typing-extensions"
version = "4.4.0"
description = "Backported and Experimental Type Hints for Python 3.7+"
category = "main"
optional = false
python-versions = ">=3.7"

[[package]]
name = "yarl"
version = "1.8.2"
description = "Yet another URL library"
category = "main"
optional = false
python-versions = ">=3.7"

[package.dependencies]
idna = ">=2.0"
multidict = ">=4.0"

[metadata]
lock-version = "1.1"
python-versions = "^3.10"
content-hash = "63f595a8214b739218b8a31a1c00958b65adaef1d3d1e4c16348bbd6017f0abf"

[metadata.files]
aio-pika = []
aiormq = []
idna = []
multidict = []
pamqp = []
pydantic = []
typing-extensions = []
yarl = []
